// !$*UTF8*$!
{
	archiveVersion = 1;
	classes = {
	};
	objectVersion = 50;
	objects = {

/* Begin PBXBuildFile section */
		BAECA8D426C8BC9700F48B29 /* AppDelegate.swift in Sources */ = {isa = PBXBuildFile; fileRef = BAECA8D326C8BC9700F48B29 /* AppDelegate.swift */; };
		BAECA8D626C8BC9700F48B29 /* SceneDelegate.swift in Sources */ = {isa = PBXBuildFile; fileRef = BAECA8D526C8BC9700F48B29 /* SceneDelegate.swift */; };
		BAECA8D826C8BC9700F48B29 /* ViewController.swift in Sources */ = {isa = PBXBuildFile; fileRef = BAECA8D726C8BC9700F48B29 /* ViewController.swift */; };
		BAECA8DB26C8BC9700F48B29 /* Main.storyboard in Resources */ = {isa = PBXBuildFile; fileRef = BAECA8D926C8BC9700F48B29 /* Main.storyboard */; };
		BAECA8DD26C8BC9800F48B29 /* Assets.xcassets in Resources */ = {isa = PBXBuildFile; fileRef = BAECA8DC26C8BC9800F48B29 /* Assets.xcassets */; };
		BAECA8E026C8BC9800F48B29 /* LaunchScreen.storyboard in Resources */ = {isa = PBXBuildFile; fileRef = BAECA8DE26C8BC9800F48B29 /* LaunchScreen.storyboard */; };
		BAECA8EA26C8BD7600F48B29 /* Reachability.m in Sources */ = {isa = PBXBuildFile; fileRef = BAECA8E926C8BD7600F48B29 /* Reachability.m */; };
/* End PBXBuildFile section */

/* Begin PBXFileReference section */
		BAECA8D026C8BC9700F48B29 /* A815HelloNetwork.app */ = {isa = PBXFileReference; explicitFileType = wrapper.application; includeInIndex = 0; path = A815HelloNetwork.app; sourceTree = BUILT_PRODUCTS_DIR; };
		BAECA8D326C8BC9700F48B29 /* AppDelegate.swift */ = {isa = PBXFileReference; lastKnownFileType = sourcecode.swift; path = AppDelegate.swift; sourceTree = "<group>"; };
		BAECA8D526C8BC9700F48B29 /* SceneDelegate.swift */ = {isa = PBXFileReference; lastKnownFileType = sourcecode.swift; path = SceneDelegate.swift; sourceTree = "<group>"; };
		BAECA8D726C8BC9700F48B29 /* ViewController.swift */ = {isa = PBXFileReference; lastKnownFileType = sourcecode.swift; path = ViewController.swift; sourceTree = "<group>"; };
		BAECA8DA26C8BC9700F48B29 /* Base */ = {isa = PBXFileReference; lastKnownFileType = file.storyboard; name = Base; path = Base.lproj/Main.storyboard; sourceTree = "<group>"; };
		BAECA8DC26C8BC9800F48B29 /* Assets.xcassets */ = {isa = PBXFileReference; lastKnownFileType = folder.assetcatalog; path = Assets.xcassets; sourceTree = "<group>"; };
		BAECA8DF26C8BC9800F48B29 /* Base */ = {isa = PBXFileReference; lastKnownFileType = file.storyboard; name = Base; path = Base.lproj/LaunchScreen.storyboard; sourceTree = "<group>"; };
		BAECA8E126C8BC9800F48B29 /* Info.plist */ = {isa = PBXFileReference; lastKnownFileType = text.plist.xml; path = Info.plist; sourceTree = "<group>"; };
		BAECA8E726C8BD7600F48B29 /* A815HelloNetwork-Bridging-Header.h */ = {isa = PBXFileReference; lastKnownFileType = sourcecode.c.h; path = "A815HelloNetwork-Bridging-Header.h"; sourceTree = "<group>"; };
		BAECA8E826C8BD7600F48B29 /* Reachability.h */ = {isa = PBXFileReference; fileEncoding = 4; lastKnownFileType = sourcecode.c.h; path = Reachability.h; sourceTree = "<group>"; };
		BAECA8E926C8BD7600F48B29 /* Reachability.m */ = {isa = PBXFileReference; fileEncoding = 4; lastKnownFileType = sourcecode.c.objc; path = Reachability.m; sourceTree = "<group>"; };
/* End PBXFileReference section */

/* Begin PBXFrameworksBuildPhase section */
		BAECA8CD26C8BC9700F48B29 /* Frameworks */ = {
			isa = PBXFrameworksBuildPhase;
			buildActionMask = 2147483647;
			files = (
			);
			runOnlyForDeploymentPostprocessing = 0;
		};
/* End PBXFrameworksBuildPhase section */

/* Begin PBXGroup section */
		BAECA8C726C8BC9700F48B29 = {
			isa = PBXGroup;
			children = (
				BAECA8D226C8BC9700F48B29 /* A815HelloNetwork */,
				BAECA8D126C8BC9700F48B29 /* Products */,
			);
			sourceTree = "<group>";
		};
		BAECA8D126C8BC9700F48B29 /* Products */ = {
			isa = PBXGroup;
			children = (
				BAECA8D026C8BC9700F48B29 /* A815HelloNetwork.app */,
			);
			name = Products;
			sourceTree = "<group>";
		};
		BAECA8D226C8BC9700F48B29 /* A815HelloNetwork */ = {
			isa = PBXGroup;
			children = (
				BAECA8D326C8BC9700F48B29 /* AppDelegate.swift */,
				BAECA8D526C8BC9700F48B29 /* SceneDelegate.swift */,
				BAECA8D726C8BC9700F48B29 /* ViewController.swift */,
				BAECA8E826C8BD7600F48B29 /* Reachability.h */,
				BAECA8E926C8BD7600F48B29 /* Reachability.m */,
				BAECA8D926C8BC9700F48B29 /* Main.storyboard */,
				BAECA8DC26C8BC9800F48B29 /* Assets.xcassets */,
				BAECA8DE26C8BC9800F48B29 /* LaunchScreen.storyboard */,
				BAECA8E126C8BC9800F48B29 /* Info.plist */,
				BAECA8E726C8BD7600F48B29 /* A815HelloNetwork-Bridging-Header.h */,
			);
			path = A815HelloNetwork;
			sourceTree = "<group>";
		};
/* End PBXGroup section */

/* Begin PBXNativeTarget section */
		BAECA8CF26C8BC9700F48B29 /* A815HelloNetwork */ = {
			isa = PBXNativeTarget;
			buildConfigurationList = BAECA8E426C8BC9800F48B29 /* Build configuration list for PBXNativeTarget "A815HelloNetwork" */;
			buildPhases = (
				BAECA8CC26C8BC9700F48B29 /* Sources */,
				BAECA8CD26C8BC9700F48B29 /* Frameworks */,
				BAECA8CE26C8BC9700F48B29 /* Resources */,
			);
			buildRules = (
			);
			dependencies = (
			);
			name = A815HelloNetwork;
			productName = A815HelloNetwork;
			productReference = BAECA8D026C8BC9700F48B29 /* A815HelloNetwork.app */;
			productType = "com.apple.product-type.application";
		};
/* End PBXNativeTarget section */

/* Begin PBXProject section */
		BAECA8C826C8BC9700F48B29 /* Project object */ = {
			isa = PBXProject;
			attributes = {
				LastSwiftUpdateCheck = 1250;
				LastUpgradeCheck = 1250;
				TargetAttributes = {
					BAECA8CF26C8BC9700F48B29 = {
						CreatedOnToolsVersion = 12.5.1;
						LastSwiftMigration = 1250;
					};
				};
			};
			buildConfigurationList = BAECA8CB26C8BC9700F48B29 /* Build configuration list for PBXProject "A815HelloNetwork" */;
			compatibilityVersion = "Xcode 9.3";
			developmentRegion = en;
			hasScannedForEncodings = 0;
			knownRegions = (
				en,
				Base,
			);
			mainGroup = BAECA8C726C8BC9700F48B29;
			productRefGroup = BAECA8D126C8BC9700F48B29 /* Products */;
			projectDirPath = "";
			projectRoot = "";
			targets = (
				BAECA8CF26C8BC9700F48B29 /* A815HelloNetwork */,
			);
		};
/* End PBXProject section */

/* Begin PBXResourcesBuildPhase section */
		BAECA8CE26C8BC9700F48B29 /* Resources */ = {
			isa = PBXResourcesBuildPhase;
			buildActionMask = 2147483647;
			files = (
				BAECA8E026C8BC9800F48B29 /* LaunchScreen.storyboard in Resources */,
				BAECA8DD26C8BC9800F48B29 /* Assets.xcassets in Resources */,
				BAECA8DB26C8BC9700F48B29 /* Main.storyboard in Resources */,
			);
			runOnlyForDeploymentPostprocessing = 0;
		};
/* End PBXResourcesBuildPhase section */

/* Begin PBXSourcesBuildPhase section */
		BAECA8CC26C8BC9700F48B29 /* Sources */ = {
			isa = PBXSourcesBuildPhase;
			buildActionMask = 2147483647;
			files = (
				BAECA8D826C8BC9700F48B29 /* ViewController.swift in Sources */,
				BAECA8D426C8BC9700F48B29 /* AppDelegate.swift in Sources */,
				BAECA8EA26C8BD7600F48B29 /* Reachability.m in Sources */,
				BAECA8D626C8BC9700F48B29 /* SceneDelegate.swift in Sources */,
			);
			runOnlyForDeploymentPostprocessing = 0;
		};
/* End PBXSourcesBuildPhase section */

/* Begin PBXVariantGroup section */
		BAECA8D926C8BC9700F48B29 /* Main.storyboard */ = {
			isa = PBXVariantGroup;
			children = (
				BAECA8DA26C8BC9700F48B29 /* Base */,
			);
			name = Main.storyboard;
			sourceTree = "<group>";
		};
		BAECA8DE26C8BC9800F48B29 /* LaunchScreen.storyboard */ = {
			isa = PBXVariantGroup;
			children = (
				BAECA8DF26C8BC9800F48B29 /* Base */,
			);
			name = LaunchScreen.storyboard;
			sourceTree = "<group>";
		};
/* End PBXVariantGroup section */

/* Begin XCBuildConfiguration section */
		BAECA8E226C8BC9800F48B29 /* Debug */ = {
			isa = XCBuildConfiguration;
			buildSettings = {
				ALWAYS_SEARCH_USER_PATHS = NO;
				CLANG_ANALYZER_NONNULL = YES;
				CLANG_ANALYZER_NUMBER_OBJECT_CONVERSION = YES_AGGRESSIVE;
				CLANG_CXX_LANGUAGE_STANDARD = "gnu++14";
				CLANG_CXX_LIBRARY = "libc++";
				CLANG_ENABLE_MODULES = YES;
				CLANG_ENABLE_OBJC_ARC = YES;
				CLANG_ENABLE_OBJC_WEAK = YES;
				CLANG_WARN_BLOCK_CAPTURE_AUTORELEASING = YES;
				CLANG_WARN_BOOL_CONVERSION = YES;
				CLANG_WARN_COMMA = YES;
				CLANG_WARN_CONSTANT_CONVERSION = YES;
				CLANG_WARN_DEPRECATED_OBJC_IMPLEMENTATIONS = YES;
				CLANG_WARN_DIRECT_OBJC_ISA_USAGE = YES_ERROR;
				CLANG_WARN_DOCUMENTATION_COMMENTS = YES;
				CLANG_WARN_EMPTY_BODY = YES;
				CLANG_WARN_ENUM_CONVERSION = YES;
				CLANG_WARN_INFINITE_RECURSION = YES;
				CLANG_WARN_INT_CONVERSION = YES;
				CLANG_WARN_NON_LITERAL_NULL_CONVERSION = YES;
				CLANG_WARN_OBJC_IMPLICIT_RETAIN_SELF = YES;
				CLANG_WARN_OBJC_LITERAL_CONVERSION = YES;
				CLANG_WARN_OBJC_ROOT_CLASS = YES_ERROR;
				CLANG_WARN_QUOTED_INCLUDE_IN_FRAMEWORK_HEADER = YES;
				CLANG_WARN_RANGE_LOOP_ANALYSIS = YES;
				CLANG_WARN_STRICT_PROTOTYPES = YES;
				CLANG_WARN_SUSPICIOUS_MOVE = YES;
				CLANG_WARN_UNGUARDED_AVAILABILITY = YES_AGGRESSIVE;
				CLANG_WARN_UNREACHABLE_CODE = YES;
				CLANG_WARN__DUPLICATE_METHOD_MATCH = YES;
				COPY_PHASE_STRIP = NO;
				DEBUG_INFORMATION_FORMAT = dwarf;
				ENABLE_STRICT_OBJC_MSGSEND = YES;
				ENABLE_TESTABILITY = YES;
				GCC_C_LANGUAGE_STANDARD = gnu11;
				GCC_DYNAMIC_NO_PIC = NO;
				GCC_NO_COMMON_BLOCKS = YES;
				GCC_OPTIMIZATION_LEVEL = 0;
				GCC_PREPROCESSOR_DEFINITIONS = (
					"DEBUG=1",
					"$(inherited)",
				);
				GCC_WARN_64_TO_32_BIT_CONVERSION = YES;
				GCC_WARN_ABOUT_RETURN_TYPE = YES_ERROR;
				GCC_WARN_UNDECLARED_SELECTOR = YES;
				GCC_WARN_UNINITIALIZED_AUTOS = YES_AGGRESSIVE;
				GCC_WARN_UNUSED_FUNCTION = YES;
				GCC_WARN_UNUSED_VARIABLE = YES;
				IPHONEOS_DEPLOYMENT_TARGET = 14.5;
				MTL_ENABLE_DEBUG_INFO = INCLUDE_SOURCE;
				MTL_FAST_MATH = YES;
				ONLY_ACTIVE_ARCH = YES;
				SDKROOT = iphoneos;
				SWIFT_ACTIVE_COMPILATION_CONDITIONS = DEBUG;
				SWIFT_OPTIMIZATION_LEVEL = "-Onone";
			};
			name = Debug;
		};
		BAECA8E326C8BC9800F48B29 /* Release */ = {
			isa = XCBuildConfiguration;
			buildSettings = {
				ALWAYS_SEARCH_USER_PATHS = NO;
				CLANG_ANALYZER_NONNULL = YES;
				CLANG_ANALYZER_NUMBER_OBJECT_CONVERSION = YES_AGGRESSIVE;
				CLANG_CXX_LANGUAGE_STANDARD = "gnu++14";
				CLANG_CXX_LIBRARY = "libc++";
				CLANG_ENABLE_MODULES = YES;
				CLANG_ENABLE_OBJC_ARC = YES;
				CLANG_ENABLE_OBJC_WEAK = YES;
				CLANG_WARN_BLOCK_CAPTURE_AUTORELEASING = YES;
				CLANG_WARN_BOOL_CONVERSION = YES;
				CLANG_WARN_COMMA = YES;
				CLANG_WARN_CONSTANT_CONVERSION = YES;
				CLANG_WARN_DEPRECATED_OBJC_IMPLEMENTATIONS = YES;
				CLANG_WARN_DIRECT_OBJC_ISA_USAGE = YES_ERROR;
				CLANG_WARN_DOCUMENTATION_COMMENTS = YES;
				CLANG_WARN_EMPTY_BODY = YES;
				CLANG_WARN_ENUM_CONVERSION = YES;
				CLANG_WARN_INFINITE_RECURSION = YES;
				CLANG_WARN_INT_CONVERSION = YES;
				CLANG_WARN_NON_LITERAL_NULL_CONVERSION = YES;
				CLANG_WARN_OBJC_IMPLICIT_RETAIN_SELF = YES;
				CLANG_WARN_OBJC_LITERAL_CONVERSION = YES;
				CLANG_WARN_OBJC_ROOT_CLASS = YES_ERROR;
				CLANG_WARN_QUOTED_INCLUDE_IN_FRAMEWORK_HEADER = YES;
				CLANG_WARN_RANGE_LOOP_ANALYSIS = YES;
				CLANG_WARN_STRICT_PROTOTYPES = YES;
				CLANG_WARN_SUSPICIOUS_MOVE = YES;
				CLANG_WARN_UNGUARDED_AVAILABILITY = YES_AGGRESSIVE;
				CLANG_WARN_UNREACHABLE_CODE = YES;
				CLANG_WARN__DUPLICATE_METHOD_MATCH = YES;
				COPY_PHASE_STRIP = NO;
				DEBUG_INFORMATION_FORMAT = "dwarf-with-dsym";
				ENABLE_NS_ASSERTIONS = NO;
				ENABLE_STRICT_OBJC_MSGSEND = YES;
				GCC_C_LANGUAGE_STANDARD = gnu11;
				GCC_NO_COMMON_BLOCKS = YES;
				GCC_WARN_64_TO_32_BIT_CONVERSION = YES;
				GCC_WARN_ABOUT_RETURN_TYPE = YES_ERROR;
				GCC_WARN_UNDECLARED_SELECTOR = YES;
				GCC_WARN_UNINITIALIZED_AUTOS = YES_AGGRESSIVE;
				GCC_WARN_UNUSED_FUNCTION = YES;
				GCC_WARN_UNUSED_VARIABLE = YES;
				IPHONEOS_DEPLOYMENT_TARGET = 14.5;
				MTL_ENABLE_DEBUG_INFO = NO;
				MTL_FAST_MATH = YES;
				SDKROOT = iphoneos;
				SWIFT_COMPILATION_MODE = wholemodule;
				SWIFT_OPTIMIZATION_LEVEL = "-O";
				VALIDATE_PRODUCT = YES;
			};
			name = Release;
		};
		BAECA8E526C8BC9800F48B29 /* Debug */ = {
			isa = XCBuildConfiguration;
			buildSettings = {
				ASSETCATALOG_COMPILER_APPICON_NAME = AppIcon;
				ASSETCATALOG_COMPILER_GLOBAL_ACCENT_COLOR_NAME = AccentColor;
				CLANG_ENABLE_MODULES = YES;
				CODE_SIGN_STYLE = Automatic;
				DEVELOPMENT_TEAM = XSVW22JPST;
				INFOPLIST_FILE = A815HelloNetwork/Info.plist;
				LD_RUNPATH_SEARCH_PATHS = (
					"$(inherited)",
					"@executable_path/Frameworks",
				);
				PRODUCT_BUNDLE_IDENTIFIER = idv.sjw.A815HelloNetwork;
				PRODUCT_NAME = "$(TARGET_NAME)";
				SWIFT_OBJC_BRIDGING_HEADER = "A815HelloNetwork/A815HelloNetwork-Bridging-Header.h";
				SWIFT_OPTIMIZATION_LEVEL = "-Onone";
				SWIFT_VERSION = 5.0;
				TARGETED_DEVICE_FAMILY = "1,2";
			};
			name = Debug;
		};
		BAECA8E626C8BC9800F48B29 /* Release */ = {
			isa = XCBuildConfiguration;
			buildSettings = {
				ASSETCATALOG_COMPILER_APPICON_NAME = AppIcon;
				ASSETCATALOG_COMPILER_GLOBAL_ACCENT_COLOR_NAME = AccentColor;
				CLANG_ENABLE_MODULES = YES;
				CODE_SIGN_STYLE = Automatic;
				DEVELOPMENT_TEAM = XSVW22JPST;
				INFOPLIST_FILE = A815HelloNetwork/Info.plist;
				LD_RUNPATH_SEARCH_PATHS = (
					"$(inherited)",
					"@executable_path/Frameworks",
				);
				PRODUCT_BUNDLE_IDENTIFIER = idv.sjw.A815HelloNetwork;
				PRODUCT_NAME = "$(TARGET_NAME)";
				SWIFT_OBJC_BRIDGING_HEADER = "A815HelloNetwork/A815HelloNetwork-Bridging-Header.h";
				SWIFT_VERSION = 5.0;
				TARGETED_DEVICE_FAMILY = "1,2";
			};
			name = Release;
		};
/* End XCBuildConfiguration section */

/* Begin XCConfigurationList section */
		BAECA8CB26C8BC9700F48B29 /* Build configuration list for PBXProject "A815HelloNetwork" */ = {
			isa = XCConfigurationList;
			buildConfigurations = (
				BAECA8E226C8BC9800F48B29 /* Debug */,
				BAECA8E326C8BC9800F48B29 /* Release */,
			);
			defaultConfigurationIsVisible = 0;
			defaultConfigurationName = Release;
		};
		BAECA8E426C8BC9800F48B29 /* Build configuration list for PBXNativeTarget "A815HelloNetwork" */ = {
			isa = XCConfigurationList;
			buildConfigurations = (
				BAECA8E526C8BC9800F48B29 /* Debug */,
				BAECA8E626C8BC9800F48B29 /* Release */,
			);
			defaultConfigurationIsVisible = 0;
			defaultConfigurationName = Release;
		};
/* End XCConfigurationList section */
	};
	rootObject = BAECA8C826C8BC9700F48B29 /* Project object */;
}
